// !$*UTF8*$!
{
	archiveVersion = 1;
	classes = {
	};
	objectVersion = 50;
	objects = {

/* Begin PBXBuildFile section */
		187C527F20A8252900E07066 /* AppDelegate.swift in Sources */ = {isa = PBXBuildFile; fileRef = 187C527E20A8252900E07066 /* AppDelegate.swift */; };
		187C528120A8252900E07066 /* ViewController.swift in Sources */ = {isa = PBXBuildFile; fileRef = 187C528020A8252900E07066 /* ViewController.swift */; };
		187C528420A8252900E07066 /* Main.storyboard in Resources */ = {isa = PBXBuildFile; fileRef = 187C528220A8252900E07066 /* Main.storyboard */; };
		187C528620A8252A00E07066 /* Assets.xcassets in Resources */ = {isa = PBXBuildFile; fileRef = 187C528520A8252A00E07066 /* Assets.xcassets */; };
		187C528920A8252A00E07066 /* LaunchScreen.storyboard in Resources */ = {isa = PBXBuildFile; fileRef = 187C528720A8252A00E07066 /* LaunchScreen.storyboard */; };
		187C529420A8252A00E07066 /* animationTests.swift in Sources */ = {isa = PBXBuildFile; fileRef = 187C529320A8252A00E07066 /* animationTests.swift */; };
		187C529F20A8252A00E07066 /* animationUITests.swift in Sources */ = {isa = PBXBuildFile; fileRef = 187C529E20A8252A00E07066 /* animationUITests.swift */; };
/* End PBXBuildFile section */

/* Begin PBXContainerItemProxy section */
		187C529020A8252A00E07066 /* PBXContainerItemProxy */ = {
			isa = PBXContainerItemProxy;
			containerPortal = 187C527320A8252900E07066 /* Project object */;
			proxyType = 1;
			remoteGlobalIDString = 187C527A20A8252900E07066;
			remoteInfo = animation;
		};
		187C529B20A8252A00E07066 /* PBXContainerItemProxy */ = {
			isa = PBXContainerItemProxy;
			containerPortal = 187C527320A8252900E07066 /* Project object */;
			proxyType = 1;
			remoteGlobalIDString = 187C527A20A8252900E07066;
			remoteInfo = animation;
		};
/* End PBXContainerItemProxy section */

/* Begin PBXFileReference section */
		187C527B20A8252900E07066 /* animation.app */ = {isa = PBXFileReference; explicitFileType = wrapper.application; includeInIndex = 0; path = animation.app; sourceTree = BUILT_PRODUCTS_DIR; };
		187C527E20A8252900E07066 /* AppDelegate.swift */ = {isa = PBXFileReference; lastKnownFileType = sourcecode.swift; path = AppDelegate.swift; sourceTree = "<group>"; };
		187C528020A8252900E07066 /* ViewController.swift */ = {isa = PBXFileReference; lastKnownFileType = sourcecode.swift; path = ViewController.swift; sourceTree = "<group>"; };
		187C528320A8252900E07066 /* Base */ = {isa = PBXFileReference; lastKnownFileType = file.storyboard; name = Base; path = Base.lproj/Main.storyboard; sourceTree = "<group>"; };
		187C528520A8252A00E07066 /* Assets.xcassets */ = {isa = PBXFileReference; lastKnownFileType = folder.assetcatalog; path = Assets.xcassets; sourceTree = "<group>"; };
		187C528820A8252A00E07066 /* Base */ = {isa = PBXFileReference; lastKnownFileType = file.storyboard; name = Base; path = Base.lproj/LaunchScreen.storyboard; sourceTree = "<group>"; };
		187C528A20A8252A00E07066 /* Info.plist */ = {isa = PBXFileReference; lastKnownFileType = text.plist.xml; path = Info.plist; sourceTree = "<group>"; };
		187C528F20A8252A00E07066 /* animationTests.xctest */ = {isa = PBXFileReference; explicitFileType = wrapper.cfbundle; includeInIndex = 0; path = animationTests.xctest; sourceTree = BUILT_PRODUCTS_DIR; };
		187C529320A8252A00E07066 /* animationTests.swift */ = {isa = PBXFileReference; lastKnownFileType = sourcecode.swift; path = animationTests.swift; sourceTree = "<group>"; };
		187C529520A8252A00E07066 /* Info.plist */ = {isa = PBXFileReference; lastKnownFileType = text.plist.xml; path = Info.plist; sourceTree = "<group>"; };
		187C529A20A8252A00E07066 /* animationUITests.xctest */ = {isa = PBXFileReference; explicitFileType = wrapper.cfbundle; includeInIndex = 0; path = animationUITests.xctest; sourceTree = BUILT_PRODUCTS_DIR; };
		187C529E20A8252A00E07066 /* animationUITests.swift */ = {isa = PBXFileReference; lastKnownFileType = sourcecode.swift; path = animationUITests.swift; sourceTree = "<group>"; };
		187C52A020A8252A00E07066 /* Info.plist */ = {isa = PBXFileReference; lastKnownFileType = text.plist.xml; path = Info.plist; sourceTree = "<group>"; };
/* End PBXFileReference section */

/* Begin PBXFrameworksBuildPhase section */
		187C527820A8252900E07066 /* Frameworks */ = {
			isa = PBXFrameworksBuildPhase;
			buildActionMask = 2147483647;
			files = (
			);
			runOnlyForDeploymentPostprocessing = 0;
		};
		187C528C20A8252A00E07066 /* Frameworks */ = {
			isa = PBXFrameworksBuildPhase;
			buildActionMask = 2147483647;
			files = (
			);
			runOnlyForDeploymentPostprocessing = 0;
		};
		187C529720A8252A00E07066 /* Frameworks */ = {
			isa = PBXFrameworksBuildPhase;
			buildActionMask = 2147483647;
			files = (
			);
			runOnlyForDeploymentPostprocessing = 0;
		};
/* End PBXFrameworksBuildPhase section */

/* Begin PBXGroup section */
		187C527220A8252900E07066 = {
			isa = PBXGroup;
			children = (
				187C527D20A8252900E07066 /* animation */,
				187C529220A8252A00E07066 /* animationTests */,
				187C529D20A8252A00E07066 /* animationUITests */,
				187C527C20A8252900E07066 /* Products */,
			);
			sourceTree = "<group>";
		};
		187C527C20A8252900E07066 /* Products */ = {
			isa = PBXGroup;
			children = (
				187C527B20A8252900E07066 /* animation.app */,
				187C528F20A8252A00E07066 /* animationTests.xctest */,
				187C529A20A8252A00E07066 /* animationUITests.xctest */,
			);
			name = Products;
			sourceTree = "<group>";
		};
		187C527D20A8252900E07066 /* animation */ = {
			isa = PBXGroup;
			children = (
				187C527E20A8252900E07066 /* AppDelegate.swift */,
				187C528020A8252900E07066 /* ViewController.swift */,
				187C528220A8252900E07066 /* Main.storyboard */,
				187C528520A8252A00E07066 /* Assets.xcassets */,
				187C528720A8252A00E07066 /* LaunchScreen.storyboard */,
				187C528A20A8252A00E07066 /* Info.plist */,
			);
			path = animation;
			sourceTree = "<group>";
		};
		187C529220A8252A00E07066 /* animationTests */ = {
			isa = PBXGroup;
			children = (
				187C529320A8252A00E07066 /* animationTests.swift */,
				187C529520A8252A00E07066 /* Info.plist */,
			);
			path = animationTests;
			sourceTree = "<group>";
		};
		187C529D20A8252A00E07066 /* animationUITests */ = {
			isa = PBXGroup;
			children = (
				187C529E20A8252A00E07066 /* animationUITests.swift */,
				187C52A020A8252A00E07066 /* Info.plist */,
			);
			path = animationUITests;
			sourceTree = "<group>";
		};
/* End PBXGroup section */

/* Begin PBXNativeTarget section */
		187C527A20A8252900E07066 /* animation */ = {
			isa = PBXNativeTarget;
			buildConfigurationList = 187C52A320A8252A00E07066 /* Build configuration list for PBXNativeTarget "animation" */;
			buildPhases = (
				187C527720A8252900E07066 /* Sources */,
				187C527820A8252900E07066 /* Frameworks */,
				187C527920A8252900E07066 /* Resources */,
			);
			buildRules = (
			);
			dependencies = (
			);
			name = animation;
			productName = animation;
			productReference = 187C527B20A8252900E07066 /* animation.app */;
			productType = "com.apple.product-type.application";
		};
		187C528E20A8252A00E07066 /* animationTests */ = {
			isa = PBXNativeTarget;
			buildConfigurationList = 187C52A620A8252A00E07066 /* Build configuration list for PBXNativeTarget "animationTests" */;
			buildPhases = (
				187C528B20A8252A00E07066 /* Sources */,
				187C528C20A8252A00E07066 /* Frameworks */,
				187C528D20A8252A00E07066 /* Resources */,
			);
			buildRules = (
			);
			dependencies = (
				187C529120A8252A00E07066 /* PBXTargetDependency */,
			);
			name = animationTests;
			productName = animationTests;
			productReference = 187C528F20A8252A00E07066 /* animationTests.xctest */;
			productType = "com.apple.product-type.bundle.unit-test";
		};
		187C529920A8252A00E07066 /* animationUITests */ = {
			isa = PBXNativeTarget;
			buildConfigurationList = 187C52A920A8252A00E07066 /* Build configuration list for PBXNativeTarget "animationUITests" */;
			buildPhases = (
				187C529620A8252A00E07066 /* Sources */,
				187C529720A8252A00E07066 /* Frameworks */,
				187C529820A8252A00E07066 /* Resources */,
			);
			buildRules = (
			);
			dependencies = (
				187C529C20A8252A00E07066 /* PBXTargetDependency */,
			);
			name = animationUITests;
			productName = animationUITests;
			productReference = 187C529A20A8252A00E07066 /* animationUITests.xctest */;
			productType = "com.apple.product-type.bundle.ui-testing";
		};
/* End PBXNativeTarget section */

/* Begin PBXProject section */
		187C527320A8252900E07066 /* Project object */ = {
			isa = PBXProject;
			attributes = {
				LastSwiftUpdateCheck = 0930;
				LastUpgradeCheck = 0930;
				ORGANIZATIONNAME = Apple;
				TargetAttributes = {
					187C527A20A8252900E07066 = {
						CreatedOnToolsVersion = 9.3;
					};
					187C528E20A8252A00E07066 = {
						CreatedOnToolsVersion = 9.3;
						TestTargetID = 187C527A20A8252900E07066;
					};
					187C529920A8252A00E07066 = {
						CreatedOnToolsVersion = 9.3;
						TestTargetID = 187C527A20A8252900E07066;
					};
				};
			};
			buildConfigurationList = 187C527620A8252900E07066 /* Build configuration list for PBXProject "animation" */;
			compatibilityVersion = "Xcode 9.3";
			developmentRegion = en;
			hasScannedForEncodings = 0;
			knownRegions = (
				en,
				Base,
			);
			mainGroup = 187C527220A8252900E07066;
			productRefGroup = 187C527C20A8252900E07066 /* Products */;
			projectDirPath = "";
			projectRoot = "";
			targets = (
				187C527A20A8252900E07066 /* animation */,
				187C528E20A8252A00E07066 /* animationTests */,
				187C529920A8252A00E07066 /* animationUITests */,
			);
		};
/* End PBXProject section */

/* Begin PBXResourcesBuildPhase section */
		187C527920A8252900E07066 /* Resources */ = {
			isa = PBXResourcesBuildPhase;
			buildActionMask = 2147483647;
			files = (
				187C528920A8252A00E07066 /* LaunchScreen.storyboard in Resources */,
				187C528620A8252A00E07066 /* Assets.xcassets in Resources */,
				187C528420A8252900E07066 /* Main.storyboard in Resources */,
			);
			runOnlyForDeploymentPostprocessing = 0;
		};
		187C528D20A8252A00E07066 /* Resources */ = {
			isa = PBXResourcesBuildPhase;
			buildActionMask = 2147483647;
			files = (
			);
			runOnlyForDeploymentPostprocessing = 0;
		};
		187C529820A8252A00E07066 /* Resources */ = {
			isa = PBXResourcesBuildPhase;
			buildActionMask = 2147483647;
			files = (
			);
			runOnlyForDeploymentPostprocessing = 0;
		};
/* End PBXResourcesBuildPhase section */

/* Begin PBXSourcesBuildPhase section */
		187C527720A8252900E07066 /* Sources */ = {
			isa = PBXSourcesBuildPhase;
			buildActionMask = 2147483647;
			files = (
				187C528120A8252900E07066 /* ViewController.swift in Sources */,
				187C527F20A8252900E07066 /* AppDelegate.swift in Sources */,
			);
			runOnlyForDeploymentPostprocessing = 0;
		};
		187C528B20A8252A00E07066 /* Sources */ = {
			isa = PBXSourcesBuildPhase;
			buildActionMask = 2147483647;
			files = (
				187C529420A8252A00E07066 /* animationTests.swift in Sources */,
			);
			runOnlyForDeploymentPostprocessing = 0;
		};
		187C529620A8252A00E07066 /* Sources */ = {
			isa = PBXSourcesBuildPhase;
			buildActionMask = 2147483647;
			files = (
				187C529F20A8252A00E07066 /* animationUITests.swift in Sources */,
			);
			runOnlyForDeploymentPostprocessing = 0;
		};
/* End PBXSourcesBuildPhase section */

/* Begin PBXTargetDependency section */
		187C529120A8252A00E07066 /* PBXTargetDependency */ = {
			isa = PBXTargetDependency;
			target = 187C527A20A8252900E07066 /* animation */;
			targetProxy = 187C529020A8252A00E07066 /* PBXContainerItemProxy */;
		};
		187C529C20A8252A00E07066 /* PBXTargetDependency */ = {
			isa = PBXTargetDependency;
			target = 187C527A20A8252900E07066 /* animation */;
			targetProxy = 187C529B20A8252A00E07066 /* PBXContainerItemProxy */;
		};
/* End PBXTargetDependency section */

/* Begin PBXVariantGroup section */
		187C528220A8252900E07066 /* Main.storyboard */ = {
			isa = PBXVariantGroup;
			children = (
				187C528320A8252900E07066 /* Base */,
			);
			name = Main.storyboard;
			sourceTree = "<group>";
		};
		187C528720A8252A00E07066 /* LaunchScreen.storyboard */ = {
			isa = PBXVariantGroup;
			children = (
				187C528820A8252A00E07066 /* Base */,
			);
			name = LaunchScreen.storyboard;
			sourceTree = "<group>";
		};
/* End PBXVariantGroup section */

/* Begin XCBuildConfiguration section */
		187C52A120A8252A00E07066 /* Debug */ = {
			isa = XCBuildConfiguration;
			buildSettings = {
				ALWAYS_SEARCH_USER_PATHS = NO;
				CLANG_ANALYZER_NONNULL = YES;
				CLANG_ANALYZER_NUMBER_OBJECT_CONVERSION = YES_AGGRESSIVE;
				CLANG_CXX_LANGUAGE_STANDARD = "gnu++14";
				CLANG_CXX_LIBRARY = "libc++";
				CLANG_ENABLE_MODULES = YES;
				CLANG_ENABLE_OBJC_ARC = YES;
				CLANG_ENABLE_OBJC_WEAK = YES;
				CLANG_WARN_BLOCK_CAPTURE_AUTORELEASING = YES;
				CLANG_WARN_BOOL_CONVERSION = YES;
				CLANG_WARN_COMMA = YES;
				CLANG_WARN_CONSTANT_CONVERSION = YES;
				CLANG_WARN_DEPRECATED_OBJC_IMPLEMENTATIONS = YES;
				CLANG_WARN_DIRECT_OBJC_ISA_USAGE = YES_ERROR;
				CLANG_WARN_DOCUMENTATION_COMMENTS = YES;
				CLANG_WARN_EMPTY_BODY = YES;
				CLANG_WARN_ENUM_CONVERSION = YES;
				CLANG_WARN_INFINITE_RECURSION = YES;
				CLANG_WARN_INT_CONVERSION = YES;
				CLANG_WARN_NON_LITERAL_NULL_CONVERSION = YES;
				CLANG_WARN_OBJC_IMPLICIT_RETAIN_SELF = YES;
				CLANG_WARN_OBJC_LITERAL_CONVERSION = YES;
				CLANG_WARN_OBJC_ROOT_CLASS = YES_ERROR;
				CLANG_WARN_RANGE_LOOP_ANALYSIS = YES;
				CLANG_WARN_STRICT_PROTOTYPES = YES;
				CLANG_WARN_SUSPICIOUS_MOVE = YES;
				CLANG_WARN_UNGUARDED_AVAILABILITY = YES_AGGRESSIVE;
				CLANG_WARN_UNREACHABLE_CODE = YES;
				CLANG_WARN__DUPLICATE_METHOD_MATCH = YES;
				CODE_SIGN_IDENTITY = "iPhone Developer";
				COPY_PHASE_STRIP = NO;
				DEBUG_INFORMATION_FORMAT = dwarf;
				ENABLE_STRICT_OBJC_MSGSEND = YES;
				ENABLE_TESTABILITY = YES;
				GCC_C_LANGUAGE_STANDARD = gnu11;
				GCC_DYNAMIC_NO_PIC = NO;
				GCC_NO_COMMON_BLOCKS = YES;
				GCC_OPTIMIZATION_LEVEL = 0;
				GCC_PREPROCESSOR_DEFINITIONS = (
					"DEBUG=1",
					"$(inherited)",
				);
				GCC_WARN_64_TO_32_BIT_CONVERSION = YES;
				GCC_WARN_ABOUT_RETURN_TYPE = YES_ERROR;
				GCC_WARN_UNDECLARED_SELECTOR = YES;
				GCC_WARN_UNINITIALIZED_AUTOS = YES_AGGRESSIVE;
				GCC_WARN_UNUSED_FUNCTION = YES;
				GCC_WARN_UNUSED_VARIABLE = YES;
				IPHONEOS_DEPLOYMENT_TARGET = 11.3;
				MTL_ENABLE_DEBUG_INFO = YES;
				ONLY_ACTIVE_ARCH = YES;
				SDKROOT = iphoneos;
				SWIFT_ACTIVE_COMPILATION_CONDITIONS = DEBUG;
				SWIFT_OPTIMIZATION_LEVEL = "-Onone";
			};
			name = Debug;
		};
		187C52A220A8252A00E07066 /* Release */ = {
			isa = XCBuildConfiguration;
			buildSettings = {
				ALWAYS_SEARCH_USER_PATHS = NO;
				CLANG_ANALYZER_NONNULL = YES;
				CLANG_ANALYZER_NUMBER_OBJECT_CONVERSION = YES_AGGRESSIVE;
				CLANG_CXX_LANGUAGE_STANDARD = "gnu++14";
				CLANG_CXX_LIBRARY = "libc++";
				CLANG_ENABLE_MODULES = YES;
				CLANG_ENABLE_OBJC_ARC = YES;
				CLANG_ENABLE_OBJC_WEAK = YES;
				CLANG_WARN_BLOCK_CAPTURE_AUTORELEASING = YES;
				CLANG_WARN_BOOL_CONVERSION = YES;
				CLANG_WARN_COMMA = YES;
				CLANG_WARN_CONSTANT_CONVERSION = YES;
				CLANG_WARN_DEPRECATED_OBJC_IMPLEMENTATIONS = YES;
				CLANG_WARN_DIRECT_OBJC_ISA_USAGE = YES_ERROR;
				CLANG_WARN_DOCUMENTATION_COMMENTS = YES;
				CLANG_WARN_EMPTY_BODY = YES;
				CLANG_WARN_ENUM_CONVERSION = YES;
				CLANG_WARN_INFINITE_RECURSION = YES;
				CLANG_WARN_INT_CONVERSION = YES;
				CLANG_WARN_NON_LITERAL_NULL_CONVERSION = YES;
				CLANG_WARN_OBJC_IMPLICIT_RETAIN_SELF = YES;
				CLANG_WARN_OBJC_LITERAL_CONVERSION = YES;
				CLANG_WARN_OBJC_ROOT_CLASS = YES_ERROR;
				CLANG_WARN_RANGE_LOOP_ANALYSIS = YES;
				CLANG_WARN_STRICT_PROTOTYPES = YES;
				CLANG_WARN_SUSPICIOUS_MOVE = YES;
				CLANG_WARN_UNGUARDED_AVAILABILITY = YES_AGGRESSIVE;
				CLANG_WARN_UNREACHABLE_CODE = YES;
				CLANG_WARN__DUPLICATE_METHOD_MATCH = YES;
				CODE_SIGN_IDENTITY = "iPhone Developer";
				COPY_PHASE_STRIP = NO;
				DEBUG_INFORMATION_FORMAT = "dwarf-with-dsym";
				ENABLE_NS_ASSERTIONS = NO;
				ENABLE_STRICT_OBJC_MSGSEND = YES;
				GCC_C_LANGUAGE_STANDARD = gnu11;
				GCC_NO_COMMON_BLOCKS = YES;
				GCC_WARN_64_TO_32_BIT_CONVERSION = YES;
				GCC_WARN_ABOUT_RETURN_TYPE = YES_ERROR;
				GCC_WARN_UNDECLARED_SELECTOR = YES;
				GCC_WARN_UNINITIALIZED_AUTOS = YES_AGGRESSIVE;
				GCC_WARN_UNUSED_FUNCTION = YES;
				GCC_WARN_UNUSED_VARIABLE = YES;
				IPHONEOS_DEPLOYMENT_TARGET = 11.3;
				MTL_ENABLE_DEBUG_INFO = NO;
				SDKROOT = iphoneos;
				SWIFT_COMPILATION_MODE = wholemodule;
				SWIFT_OPTIMIZATION_LEVEL = "-O";
				VALIDATE_PRODUCT = YES;
			};
			name = Release;
		};
		187C52A420A8252A00E07066 /* Debug */ = {
			isa = XCBuildConfiguration;
			buildSettings = {
				ASSETCATALOG_COMPILER_APPICON_NAME = AppIcon;
				CODE_SIGN_STYLE = Automatic;
				INFOPLIST_FILE = animation/Info.plist;
				LD_RUNPATH_SEARCH_PATHS = (
					"$(inherited)",
					"@executable_path/Frameworks",
				);
				PRODUCT_BUNDLE_IDENTIFIER = mwt.animation;
				PRODUCT_NAME = "$(TARGET_NAME)";
				SWIFT_VERSION = 4.0;
				TARGETED_DEVICE_FAMILY = "1,2";
			};
			name = Debug;
		};
		187C52A520A8252A00E07066 /* Release */ = {
			isa = XCBuildConfiguration;
			buildSettings = {
				ASSETCATALOG_COMPILER_APPICON_NAME = AppIcon;
				CODE_SIGN_STYLE = Automatic;
				INFOPLIST_FILE = animation/Info.plist;
				LD_RUNPATH_SEARCH_PATHS = (
					"$(inherited)",
					"@executable_path/Frameworks",
				);
				PRODUCT_BUNDLE_IDENTIFIER = mwt.animation;
				PRODUCT_NAME = "$(TARGET_NAME)";
				SWIFT_VERSION = 4.0;
				TARGETED_DEVICE_FAMILY = "1,2";
			};
			name = Release;
		};
		187C52A720A8252A00E07066 /* Debug */ = {
			isa = XCBuildConfiguration;
			buildSettings = {
				ALWAYS_EMBED_SWIFT_STANDARD_LIBRARIES = YES;
				BUNDLE_LOADER = "$(TEST_HOST)";
				CODE_SIGN_STYLE = Automatic;
				INFOPLIST_FILE = animationTests/Info.plist;
				LD_RUNPATH_SEARCH_PATHS = (
					"$(inherited)",
					"@executable_path/Frameworks",
					"@loader_path/Frameworks",
				);
				PRODUCT_BUNDLE_IDENTIFIER = mwt.animationTests;
				PRODUCT_NAME = "$(TARGET_NAME)";
				SWIFT_VERSION = 4.0;
				TARGETED_DEVICE_FAMILY = "1,2";
				TEST_HOST = "$(BUILT_PRODUCTS_DIR)/animation.app/animation";
			};
			name = Debug;
		};
		187C52A820A8252A00E07066 /* Release */ = {
			isa = XCBuildConfiguration;
			buildSettings = {
				ALWAYS_EMBED_SWIFT_STANDARD_LIBRARIES = YES;
				BUNDLE_LOADER = "$(TEST_HOST)";
				CODE_SIGN_STYLE = Automatic;
				INFOPLIST_FILE = animationTests/Info.plist;
				LD_RUNPATH_SEARCH_PATHS = (
					"$(inherited)",
					"@executable_path/Frameworks",
					"@loader_path/Frameworks",
				);
				PRODUCT_BUNDLE_IDENTIFIER = mwt.animationTests;
				PRODUCT_NAME = "$(TARGET_NAME)";
				SWIFT_VERSION = 4.0;
				TARGETED_DEVICE_FAMILY = "1,2";
				TEST_HOST = "$(BUILT_PRODUCTS_DIR)/animation.app/animation";
			};
			name = Release;
		};
		187C52AA20A8252A00E07066 /* Debug */ = {
			isa = XCBuildConfiguration;
			buildSettings = {
				ALWAYS_EMBED_SWIFT_STANDARD_LIBRARIES = YES;
				CODE_SIGN_STYLE = Automatic;
				INFOPLIST_FILE = animationUITests/Info.plist;
				LD_RUNPATH_SEARCH_PATHS = (
					"$(inherited)",
					"@executable_path/Frameworks",
					"@loader_path/Frameworks",
				);
				PRODUCT_BUNDLE_IDENTIFIER = mwt.animationUITests;
				PRODUCT_NAME = "$(TARGET_NAME)";
				SWIFT_VERSION = 4.0;
				TARGETED_DEVICE_FAMILY = "1,2";
				TEST_TARGET_NAME = animation;
			};
			name = Debug;
		};
		187C52AB20A8252A00E07066 /* Release */ = {
			isa = XCBuildConfiguration;
			buildSettings = {
				ALWAYS_EMBED_SWIFT_STANDARD_LIBRARIES = YES;
				CODE_SIGN_STYLE = Automatic;
				INFOPLIST_FILE = animationUITests/Info.plist;
				LD_RUNPATH_SEARCH_PATHS = (
					"$(inherited)",
					"@executable_path/Frameworks",
					"@loader_path/Frameworks",
				);
				PRODUCT_BUNDLE_IDENTIFIER = mwt.animationUITests;
				PRODUCT_NAME = "$(TARGET_NAME)";
				SWIFT_VERSION = 4.0;
				TARGETED_DEVICE_FAMILY = "1,2";
				TEST_TARGET_NAME = animation;
			};
			name = Release;
		};
/* End XCBuildConfiguration section */

/* Begin XCConfigurationList section */
		187C527620A8252900E07066 /* Build configuration list for PBXProject "animation" */ = {
			isa = XCConfigurationList;
			buildConfigurations = (
				187C52A120A8252A00E07066 /* Debug */,
				187C52A220A8252A00E07066 /* Release */,
			);
			defaultConfigurationIsVisible = 0;
			defaultConfigurationName = Release;
		};
		187C52A320A8252A00E07066 /* Build configuration list for PBXNativeTarget "animation" */ = {
			isa = XCConfigurationList;
			buildConfigurations = (
				187C52A420A8252A00E07066 /* Debug */,
				187C52A520A8252A00E07066 /* Release */,
			);
			defaultConfigurationIsVisible = 0;
			defaultConfigurationName = Release;
		};
		187C52A620A8252A00E07066 /* Build configuration list for PBXNativeTarget "animationTests" */ = {
			isa = XCConfigurationList;
			buildConfigurations = (
				187C52A720A8252A00E07066 /* Debug */,
				187C52A820A8252A00E07066 /* Release */,
			);
			defaultConfigurationIsVisible = 0;
			defaultConfigurationName = Release;
		};
		187C52A920A8252A00E07066 /* Build configuration list for PBXNativeTarget "animationUITests" */ = {
			isa = XCConfigurationList;
			buildConfigurations = (
				187C52AA20A8252A00E07066 /* Debug */,
				187C52AB20A8252A00E07066 /* Release */,
			);
			defaultConfigurationIsVisible = 0;
			defaultConfigurationName = Release;
		};
/* End XCConfigurationList section */
	};
	rootObject = 187C527320A8252900E07066 /* Project object */;
}
